
Microsoft Visual Studio Solution File, Format Version 12.00
# Visual Studio 15
VisualStudioVersion = 15.0.28010.2048
MinimumVisualStudioVersion = 10.0.40219.1
Project("{FAE04EC0-301F-11D3-BF4B-00C04F79EFBC}") = "WarriorWars", "WarriorWars\WarriorWars.csproj", "{7E52A8F0-9E4A-4FA5-8E6D-D85C7D7EEB0E}"
EndProject
Global
	GlobalSection(SolutionConfigurationPlatforms) = preSolution
		Debug|Any CPU = Debug|Any CPU
		Release|Any CPU = Release|Any CPU
	EndGlobalSection
	GlobalSection(ProjectConfigurationPlatforms) = postSolution
		{7E52A8F0-9E4A-4FA5-8E6D-D85C7D7EEB0E}.Debug|Any CPU.ActiveCfg = Debug|Any CPU
		{7E52A8F0-9E4A-4FA5-8E6D-D85C7D7EEB0E}.Debug|Any CPU.Build.0 = Debug|Any CPU
		{7E52A8F0-9E4A-4FA5-8E6D-D85C7D7EEB0E}.Release|Any CPU.ActiveCfg = Release|Any CPU
		{7E52A8F0-9E4A-4FA5-8E6D-D85C7D7EEB0E}.Release|Any CPU.Build.0 = Release|Any CPU
	EndGlobalSection
	GlobalSection(SolutionProperties) = preSolution
		HideSolutionNode = FALSE
	EndGlobalSection
	GlobalSection(ExtensibilityGlobals) = postSolution
		SolutionGuid = {D048AD31-E1F5-49D2-8718-C56B3E85EF8C}
	EndGlobalSection
EndGlobal
